
Microsoft Visual Studio Solution File, Format Version 12.00
# Visual Studio Version 17
VisualStudioVersion = 17.5.33627.172
MinimumVisualStudioVersion = 10.0.40219.1
Project("{FAE04EC0-301F-11D3-BF4B-00C04F79EFBC}") = "CWIcon", "CWIcon.csproj", "{8116AEFC-82C2-4076-ADFA-2F236634D310}"
EndProject
Project("{54435603-DBB4-11D2-8724-00A0C9A8B90C}") = "Setup", "..\Setup\Setup.vdproj", "{CC11081E-BC50-40A0-AB19-FEA7D430233F}"
EndProject
Global
	GlobalSection(SolutionConfigurationPlatforms) = preSolution
		Debug|Any CPU = Debug|Any CPU
		Release|Any CPU = Release|Any CPU
	EndGlobalSection
	GlobalSection(ProjectConfigurationPlatforms) = postSolution
		{8116AEFC-82C2-4076-ADFA-2F236634D310}.Debug|Any CPU.ActiveCfg = Debug|Any CPU
		{8116AEFC-82C2-4076-ADFA-2F236634D310}.Debug|Any CPU.Build.0 = Debug|Any CPU
		{8116AEFC-82C2-4076-ADFA-2F236634D310}.Release|Any CPU.ActiveCfg = Release|Any CPU
		{8116AEFC-82C2-4076-ADFA-2F236634D310}.Release|Any CPU.Build.0 = Release|Any CPU
		{CC11081E-BC50-40A0-AB19-FEA7D430233F}.Debug|Any CPU.ActiveCfg = Debug
		{CC11081E-BC50-40A0-AB19-FEA7D430233F}.Release|Any CPU.ActiveCfg = Release
	EndGlobalSection
	GlobalSection(SolutionProperties) = preSolution
		HideSolutionNode = FALSE
	EndGlobalSection
	GlobalSection(ExtensibilityGlobals) = postSolution
		SolutionGuid = {26EC8E46-3796-4D01-BA50-197E48214615}
	EndGlobalSection
EndGlobal
